// !$*UTF8*$!
{
	archiveVersion = 1;
	classes = {
	};
	objectVersion = 46;
	objects = {

/* Begin PBXBuildFile section */
		F200D5041CFA788E00981BC7 /* GameKit.framework in Frameworks */ = {isa = PBXBuildFile; fileRef = F28B5F431CFA1F530005997D /* GameKit.framework */; };
		F200D5091CFA7DF700981BC7 /* GameKitHelper.m in Sources */ = {isa = PBXBuildFile; fileRef = F200D5081CFA7DF700981BC7 /* GameKitHelper.m */; };
		F200D50C1CFA856100981BC7 /* GameNavigationController.m in Sources */ = {isa = PBXBuildFile; fileRef = F200D50B1CFA856100981BC7 /* GameNavigationController.m */; };
		F200D50F1CFBA77A00981BC7 /* MultiplayerNetworking.m in Sources */ = {isa = PBXBuildFile; fileRef = F200D50E1CFBA77A00981BC7 /* MultiplayerNetworking.m */; };
		F200D5141CFC84CD00981BC7 /* CardFitViewController.m in Sources */ = {isa = PBXBuildFile; fileRef = F200D5131CFC84CD00981BC7 /* CardFitViewController.m */; };
		F200D5171CFC84EA00981BC7 /* PlayingCardFitViewController.m in Sources */ = {isa = PBXBuildFile; fileRef = F200D5161CFC84EA00981BC7 /* PlayingCardFitViewController.m */; };
		F2016C021CEE6E4F0079887E /* GameSettingsTVC.m in Sources */ = {isa = PBXBuildFile; fileRef = F2016C011CEE6E4F0079887E /* GameSettingsTVC.m */; };
		F2016C051CEE723D0079887E /* PlayingCardSettingsTVC.m in Sources */ = {isa = PBXBuildFile; fileRef = F2016C041CEE723D0079887E /* PlayingCardSettingsTVC.m */; };
		F214A4E91D200B4B0006978C /* SettingsTVC.m in Sources */ = {isa = PBXBuildFile; fileRef = F214A4E81D200B4B0006978C /* SettingsTVC.m */; };
		F214A4EC1D200FE60006978C /* PlayingCardDetailSettingsTVC.m in Sources */ = {isa = PBXBuildFile; fileRef = F214A4EB1D200FE60006978C /* PlayingCardDetailSettingsTVC.m */; };
		F23D55391CB70DD800F7727B /* CardFitLayoutView.m in Sources */ = {isa = PBXBuildFile; fileRef = F23D55381CB70DD800F7727B /* CardFitLayoutView.m */; };
		F23D553C1CBB15AB00F7727B /* MainPageViewController.m in Sources */ = {isa = PBXBuildFile; fileRef = F23D553B1CBB15AB00F7727B /* MainPageViewController.m */; };
		F245CBD11CA9F35F00F034F5 /* main.m in Sources */ = {isa = PBXBuildFile; fileRef = F245CBD01CA9F35F00F034F5 /* main.m */; };
		F245CBD41CA9F35F00F034F5 /* AppDelegate.m in Sources */ = {isa = PBXBuildFile; fileRef = F245CBD31CA9F35F00F034F5 /* AppDelegate.m */; };
		F245CBDA1CA9F35F00F034F5 /* Main.storyboard in Resources */ = {isa = PBXBuildFile; fileRef = F245CBD81CA9F35F00F034F5 /* Main.storyboard */; };
		F245CBDC1CA9F35F00F034F5 /* Assets.xcassets in Resources */ = {isa = PBXBuildFile; fileRef = F245CBDB1CA9F35F00F034F5 /* Assets.xcassets */; };
		F245CBDF1CA9F35F00F034F5 /* LaunchScreen.storyboard in Resources */ = {isa = PBXBuildFile; fileRef = F245CBDD1CA9F35F00F034F5 /* LaunchScreen.storyboard */; };
		F245CBEA1CA9F35F00F034F5 /* CardFitTests.m in Sources */ = {isa = PBXBuildFile; fileRef = F245CBE91CA9F35F00F034F5 /* CardFitTests.m */; };
		F245CBF51CA9F35F00F034F5 /* CardFitUITests.m in Sources */ = {isa = PBXBuildFile; fileRef = F245CBF41CA9F35F00F034F5 /* CardFitUITests.m */; };
		F245CC071CA9F4CF00F034F5 /* Card.m in Sources */ = {isa = PBXBuildFile; fileRef = F245CC061CA9F4CF00F034F5 /* Card.m */; };
		F245CC0A1CA9F5B600F034F5 /* CardFitPlayingCard.m in Sources */ = {isa = PBXBuildFile; fileRef = F245CC091CA9F5B600F034F5 /* CardFitPlayingCard.m */; };
		F245CC0D1CA9FB4700F034F5 /* Deck.m in Sources */ = {isa = PBXBuildFile; fileRef = F245CC0C1CA9FB4700F034F5 /* Deck.m */; };
		F245CC101CA9FD8B00F034F5 /* CardFitPlayingCardDeck.m in Sources */ = {isa = PBXBuildFile; fileRef = F245CC0F1CA9FD8B00F034F5 /* CardFitPlayingCardDeck.m */; };
		F25C7BFA1CEFEC8C00BF7EAE /* GameSettingsDetailTVC.m in Sources */ = {isa = PBXBuildFile; fileRef = F25C7BF91CEFEC8C00BF7EAE /* GameSettingsDetailTVC.m */; };
		F25C7C011CF1EF1500BF7EAE /* SWRevealViewController.m in Sources */ = {isa = PBXBuildFile; fileRef = F25C7C001CF1EF1500BF7EAE /* SWRevealViewController.m */; };
		F25C7C041CF27E9400BF7EAE /* SideMenuViewController.m in Sources */ = {isa = PBXBuildFile; fileRef = F25C7C031CF27E9400BF7EAE /* SideMenuViewController.m */; };
		F28B78001CAA14C600023B3D /* PlayingCardView.m in Sources */ = {isa = PBXBuildFile; fileRef = F28B77FF1CAA14C600023B3D /* PlayingCardView.m */; };
		F299D6FB1CDFF22C009EE988 /* Timer.m in Sources */ = {isa = PBXBuildFile; fileRef = F299D6FA1CDFF22C009EE988 /* Timer.m */; };
		F29AD2FE1CBC8FF3003F18A5 /* PlayingCardSettings.m in Sources */ = {isa = PBXBuildFile; fileRef = F29AD2FD1CBC8FF3003F18A5 /* PlayingCardSettings.m */; };
		F2AF13021D0CB8BA00C057E5 /* CardFitCard.m in Sources */ = {isa = PBXBuildFile; fileRef = F2AF13011D0CB8BA00C057E5 /* CardFitCard.m */; };
		F2DADE941D0FA50B001740A8 /* Settings.m in Sources */ = {isa = PBXBuildFile; fileRef = F2DADE931D0FA50B001740A8 /* Settings.m */; };
		F2EA33EF1CC5B4BF0018CE5F /* CardFitGame.m in Sources */ = {isa = PBXBuildFile; fileRef = F2EA33EE1CC5B4BF0018CE5F /* CardFitGame.m */; };
/* End PBXBuildFile section */

/* Begin PBXContainerItemProxy section */
		F245CBE61CA9F35F00F034F5 /* PBXContainerItemProxy */ = {
			isa = PBXContainerItemProxy;
			containerPortal = F245CBC41CA9F35F00F034F5 /* Project object */;
			proxyType = 1;
			remoteGlobalIDString = F245CBCB1CA9F35F00F034F5;
			remoteInfo = CardFit;
		};
		F245CBF11CA9F35F00F034F5 /* PBXContainerItemProxy */ = {
			isa = PBXContainerItemProxy;
			containerPortal = F245CBC41CA9F35F00F034F5 /* Project object */;
			proxyType = 1;
			remoteGlobalIDString = F245CBCB1CA9F35F00F034F5;
			remoteInfo = CardFit;
		};
/* End PBXContainerItemProxy section */

/* Begin PBXFileReference section */
		F200D5071CFA7DF700981BC7 /* GameKitHelper.h */ = {isa = PBXFileReference; fileEncoding = 4; lastKnownFileType = sourcecode.c.h; path = GameKitHelper.h; sourceTree = "<group>"; };
		F200D5081CFA7DF700981BC7 /* GameKitHelper.m */ = {isa = PBXFileReference; fileEncoding = 4; lastKnownFileType = sourcecode.c.objc; path = GameKitHelper.m; sourceTree = "<group>"; };
		F200D50A1CFA856100981BC7 /* GameNavigationController.h */ = {isa = PBXFileReference; fileEncoding = 4; lastKnownFileType = sourcecode.c.h; path = GameNavigationController.h; sourceTree = "<group>"; };
		F200D50B1CFA856100981BC7 /* GameNavigationController.m */ = {isa = PBXFileReference; fileEncoding = 4; lastKnownFileType = sourcecode.c.objc; path = GameNavigationController.m; sourceTree = "<group>"; };
		F200D50D1CFBA77A00981BC7 /* MultiplayerNetworking.h */ = {isa = PBXFileReference; fileEncoding = 4; lastKnownFileType = sourcecode.c.h; path = MultiplayerNetworking.h; sourceTree = "<group>"; };
		F200D50E1CFBA77A00981BC7 /* MultiplayerNetworking.m */ = {isa = PBXFileReference; fileEncoding = 4; lastKnownFileType = sourcecode.c.objc; path = MultiplayerNetworking.m; sourceTree = "<group>"; };
		F200D5121CFC84CD00981BC7 /* CardFitViewController.h */ = {isa = PBXFileReference; fileEncoding = 4; lastKnownFileType = sourcecode.c.h; path = CardFitViewController.h; sourceTree = "<group>"; };
		F200D5131CFC84CD00981BC7 /* CardFitViewController.m */ = {isa = PBXFileReference; fileEncoding = 4; lastKnownFileType = sourcecode.c.objc; path = CardFitViewController.m; sourceTree = "<group>"; };
		F200D5151CFC84EA00981BC7 /* PlayingCardFitViewController.h */ = {isa = PBXFileReference; fileEncoding = 4; lastKnownFileType = sourcecode.c.h; path = PlayingCardFitViewController.h; sourceTree = "<group>"; };
		F200D5161CFC84EA00981BC7 /* PlayingCardFitViewController.m */ = {isa = PBXFileReference; fileEncoding = 4; lastKnownFileType = sourcecode.c.objc; path = PlayingCardFitViewController.m; sourceTree = "<group>"; };
		F2016C001CEE6E4F0079887E /* GameSettingsTVC.h */ = {isa = PBXFileReference; fileEncoding = 4; lastKnownFileType = sourcecode.c.h; path = GameSettingsTVC.h; sourceTree = "<group>"; };
		F2016C011CEE6E4F0079887E /* GameSettingsTVC.m */ = {isa = PBXFileReference; fileEncoding = 4; lastKnownFileType = sourcecode.c.objc; path = GameSettingsTVC.m; sourceTree = "<group>"; };
		F2016C031CEE723D0079887E /* PlayingCardSettingsTVC.h */ = {isa = PBXFileReference; fileEncoding = 4; lastKnownFileType = sourcecode.c.h; path = PlayingCardSettingsTVC.h; sourceTree = "<group>"; };
		F2016C041CEE723D0079887E /* PlayingCardSettingsTVC.m */ = {isa = PBXFileReference; fileEncoding = 4; lastKnownFileType = sourcecode.c.objc; path = PlayingCardSettingsTVC.m; sourceTree = "<group>"; };
		F214A4E71D200B4B0006978C /* SettingsTVC.h */ = {isa = PBXFileReference; fileEncoding = 4; lastKnownFileType = sourcecode.c.h; path = SettingsTVC.h; sourceTree = "<group>"; };
		F214A4E81D200B4B0006978C /* SettingsTVC.m */ = {isa = PBXFileReference; fileEncoding = 4; lastKnownFileType = sourcecode.c.objc; path = SettingsTVC.m; sourceTree = "<group>"; };
		F214A4EA1D200FE60006978C /* PlayingCardDetailSettingsTVC.h */ = {isa = PBXFileReference; fileEncoding = 4; lastKnownFileType = sourcecode.c.h; path = PlayingCardDetailSettingsTVC.h; sourceTree = "<group>"; };
		F214A4EB1D200FE60006978C /* PlayingCardDetailSettingsTVC.m */ = {isa = PBXFileReference; fileEncoding = 4; lastKnownFileType = sourcecode.c.objc; path = PlayingCardDetailSettingsTVC.m; sourceTree = "<group>"; };
		F23D55371CB70DD800F7727B /* CardFitLayoutView.h */ = {isa = PBXFileReference; fileEncoding = 4; lastKnownFileType = sourcecode.c.h; path = CardFitLayoutView.h; sourceTree = "<group>"; };
		F23D55381CB70DD800F7727B /* CardFitLayoutView.m */ = {isa = PBXFileReference; fileEncoding = 4; lastKnownFileType = sourcecode.c.objc; path = CardFitLayoutView.m; sourceTree = "<group>"; };
		F23D553A1CBB15AB00F7727B /* MainPageViewController.h */ = {isa = PBXFileReference; fileEncoding = 4; lastKnownFileType = sourcecode.c.h; path = MainPageViewController.h; sourceTree = "<group>"; };
		F23D553B1CBB15AB00F7727B /* MainPageViewController.m */ = {isa = PBXFileReference; fileEncoding = 4; lastKnownFileType = sourcecode.c.objc; path = MainPageViewController.m; sourceTree = "<group>"; };
		F245CBCC1CA9F35F00F034F5 /* CardFit.app */ = {isa = PBXFileReference; explicitFileType = wrapper.application; includeInIndex = 0; path = CardFit.app; sourceTree = BUILT_PRODUCTS_DIR; };
		F245CBD01CA9F35F00F034F5 /* main.m */ = {isa = PBXFileReference; lastKnownFileType = sourcecode.c.objc; path = main.m; sourceTree = "<group>"; };
		F245CBD21CA9F35F00F034F5 /* AppDelegate.h */ = {isa = PBXFileReference; lastKnownFileType = sourcecode.c.h; path = AppDelegate.h; sourceTree = "<group>"; };
		F245CBD31CA9F35F00F034F5 /* AppDelegate.m */ = {isa = PBXFileReference; lastKnownFileType = sourcecode.c.objc; path = AppDelegate.m; sourceTree = "<group>"; };
		F245CBD91CA9F35F00F034F5 /* Base */ = {isa = PBXFileReference; lastKnownFileType = file.storyboard; name = Base; path = Base.lproj/Main.storyboard; sourceTree = "<group>"; };
		F245CBDB1CA9F35F00F034F5 /* Assets.xcassets */ = {isa = PBXFileReference; lastKnownFileType = folder.assetcatalog; path = Assets.xcassets; sourceTree = "<group>"; };
		F245CBDE1CA9F35F00F034F5 /* Base */ = {isa = PBXFileReference; lastKnownFileType = file.storyboard; name = Base; path = Base.lproj/LaunchScreen.storyboard; sourceTree = "<group>"; };
		F245CBE01CA9F35F00F034F5 /* Info.plist */ = {isa = PBXFileReference; lastKnownFileType = text.plist.xml; path = Info.plist; sourceTree = "<group>"; };
		F245CBE51CA9F35F00F034F5 /* CardFitTests.xctest */ = {isa = PBXFileReference; explicitFileType = wrapper.cfbundle; includeInIndex = 0; path = CardFitTests.xctest; sourceTree = BUILT_PRODUCTS_DIR; };
		F245CBE91CA9F35F00F034F5 /* CardFitTests.m */ = {isa = PBXFileReference; lastKnownFileType = sourcecode.c.objc; path = CardFitTests.m; sourceTree = "<group>"; };
		F245CBEB1CA9F35F00F034F5 /* Info.plist */ = {isa = PBXFileReference; lastKnownFileType = text.plist.xml; path = Info.plist; sourceTree = "<group>"; };
		F245CBF01CA9F35F00F034F5 /* CardFitUITests.xctest */ = {isa = PBXFileReference; explicitFileType = wrapper.cfbundle; includeInIndex = 0; path = CardFitUITests.xctest; sourceTree = BUILT_PRODUCTS_DIR; };
		F245CBF41CA9F35F00F034F5 /* CardFitUITests.m */ = {isa = PBXFileReference; lastKnownFileType = sourcecode.c.objc; path = CardFitUITests.m; sourceTree = "<group>"; };
		F245CBF61CA9F35F00F034F5 /* Info.plist */ = {isa = PBXFileReference; lastKnownFileType = text.plist.xml; path = Info.plist; sourceTree = "<group>"; };
		F245CC051CA9F4CF00F034F5 /* Card.h */ = {isa = PBXFileReference; fileEncoding = 4; lastKnownFileType = sourcecode.c.h; path = Card.h; sourceTree = "<group>"; };
		F245CC061CA9F4CF00F034F5 /* Card.m */ = {isa = PBXFileReference; fileEncoding = 4; lastKnownFileType = sourcecode.c.objc; path = Card.m; sourceTree = "<group>"; };
		F245CC081CA9F5B600F034F5 /* CardFitPlayingCard.h */ = {isa = PBXFileReference; fileEncoding = 4; lastKnownFileType = sourcecode.c.h; path = CardFitPlayingCard.h; sourceTree = "<group>"; };
		F245CC091CA9F5B600F034F5 /* CardFitPlayingCard.m */ = {isa = PBXFileReference; fileEncoding = 4; lastKnownFileType = sourcecode.c.objc; path = CardFitPlayingCard.m; sourceTree = "<group>"; };
		F245CC0B1CA9FB4700F034F5 /* Deck.h */ = {isa = PBXFileReference; fileEncoding = 4; lastKnownFileType = sourcecode.c.h; path = Deck.h; sourceTree = "<group>"; };
		F245CC0C1CA9FB4700F034F5 /* Deck.m */ = {isa = PBXFileReference; fileEncoding = 4; lastKnownFileType = sourcecode.c.objc; path = Deck.m; sourceTree = "<group>"; };
		F245CC0E1CA9FD8B00F034F5 /* CardFitPlayingCardDeck.h */ = {isa = PBXFileReference; fileEncoding = 4; lastKnownFileType = sourcecode.c.h; path = CardFitPlayingCardDeck.h; sourceTree = "<group>"; };
		F245CC0F1CA9FD8B00F034F5 /* CardFitPlayingCardDeck.m */ = {isa = PBXFileReference; fileEncoding = 4; lastKnownFileType = sourcecode.c.objc; path = CardFitPlayingCardDeck.m; sourceTree = "<group>"; };
		F25C7BF81CEFEC8C00BF7EAE /* GameSettingsDetailTVC.h */ = {isa = PBXFileReference; fileEncoding = 4; lastKnownFileType = sourcecode.c.h; path = GameSettingsDetailTVC.h; sourceTree = "<group>"; };
		F25C7BF91CEFEC8C00BF7EAE /* GameSettingsDetailTVC.m */ = {isa = PBXFileReference; fileEncoding = 4; lastKnownFileType = sourcecode.c.objc; path = GameSettingsDetailTVC.m; sourceTree = "<group>"; };
		F25C7BFE1CF1039100BF7EAE /* SettingsChangedNotification.h */ = {isa = PBXFileReference; lastKnownFileType = sourcecode.c.h; path = SettingsChangedNotification.h; sourceTree = "<group>"; };
		F25C7BFF1CF1EF1500BF7EAE /* SWRevealViewController.h */ = {isa = PBXFileReference; fileEncoding = 4; lastKnownFileType = sourcecode.c.h; path = SWRevealViewController.h; sourceTree = "<group>"; };
		F25C7C001CF1EF1500BF7EAE /* SWRevealViewController.m */ = {isa = PBXFileReference; fileEncoding = 4; lastKnownFileType = sourcecode.c.objc; path = SWRevealViewController.m; sourceTree = "<group>"; };
		F25C7C021CF27E9400BF7EAE /* SideMenuViewController.h */ = {isa = PBXFileReference; fileEncoding = 4; lastKnownFileType = sourcecode.c.h; path = SideMenuViewController.h; sourceTree = "<group>"; };
		F25C7C031CF27E9400BF7EAE /* SideMenuViewController.m */ = {isa = PBXFileReference; fileEncoding = 4; lastKnownFileType = sourcecode.c.objc; path = SideMenuViewController.m; sourceTree = "<group>"; };
		F28B5F431CFA1F530005997D /* GameKit.framework */ = {isa = PBXFileReference; lastKnownFileType = wrapper.framework; name = GameKit.framework; path = System/Library/Frameworks/GameKit.framework; sourceTree = SDKROOT; };
		F28B77FE1CAA14C600023B3D /* PlayingCardView.h */ = {isa = PBXFileReference; fileEncoding = 4; lastKnownFileType = sourcecode.c.h; path = PlayingCardView.h; sourceTree = "<group>"; };
		F28B77FF1CAA14C600023B3D /* PlayingCardView.m */ = {isa = PBXFileReference; fileEncoding = 4; lastKnownFileType = sourcecode.c.objc; path = PlayingCardView.m; sourceTree = "<group>"; };
		F299D6F91CDFF22C009EE988 /* Timer.h */ = {isa = PBXFileReference; fileEncoding = 4; lastKnownFileType = sourcecode.c.h; path = Timer.h; sourceTree = "<group>"; };
		F299D6FA1CDFF22C009EE988 /* Timer.m */ = {isa = PBXFileReference; fileEncoding = 4; lastKnownFileType = sourcecode.c.objc; path = Timer.m; sourceTree = "<group>"; };
		F29AD2FC1CBC8FF3003F18A5 /* PlayingCardSettings.h */ = {isa = PBXFileReference; fileEncoding = 4; lastKnownFileType = sourcecode.c.h; path = PlayingCardSettings.h; sourceTree = "<group>"; };
		F29AD2FD1CBC8FF3003F18A5 /* PlayingCardSettings.m */ = {isa = PBXFileReference; fileEncoding = 4; lastKnownFileType = sourcecode.c.objc; path = PlayingCardSettings.m; sourceTree = "<group>"; };
		F2AF13001D0CB8BA00C057E5 /* CardFitCard.h */ = {isa = PBXFileReference; fileEncoding = 4; lastKnownFileType = sourcecode.c.h; path = CardFitCard.h; sourceTree = "<group>"; };
		F2AF13011D0CB8BA00C057E5 /* CardFitCard.m */ = {isa = PBXFileReference; fileEncoding = 4; lastKnownFileType = sourcecode.c.objc; path = CardFitCard.m; sourceTree = "<group>"; };
		F2DADE921D0FA50B001740A8 /* Settings.h */ = {isa = PBXFileReference; fileEncoding = 4; lastKnownFileType = sourcecode.c.h; path = Settings.h; sourceTree = "<group>"; };
		F2DADE931D0FA50B001740A8 /* Settings.m */ = {isa = PBXFileReference; fileEncoding = 4; lastKnownFileType = sourcecode.c.objc; path = Settings.m; sourceTree = "<group>"; };
		F2EA33ED1CC5B4BF0018CE5F /* CardFitGame.h */ = {isa = PBXFileReference; fileEncoding = 4; lastKnownFileType = sourcecode.c.h; path = CardFitGame.h; sourceTree = "<group>"; };
		F2EA33EE1CC5B4BF0018CE5F /* CardFitGame.m */ = {isa = PBXFileReference; fileEncoding = 4; lastKnownFileType = sourcecode.c.objc; path = CardFitGame.m; sourceTree = "<group>"; };
/* End PBXFileReference section */

/* Begin PBXFrameworksBuildPhase section */
		F245CBC91CA9F35F00F034F5 /* Frameworks */ = {
			isa = PBXFrameworksBuildPhase;
			buildActionMask = 2147483647;
			files = (
				F200D5041CFA788E00981BC7 /* GameKit.framework in Frameworks */,
			);
			runOnlyForDeploymentPostprocessing = 0;
		};
		F245CBE21CA9F35F00F034F5 /* Frameworks */ = {
			isa = PBXFrameworksBuildPhase;
			buildActionMask = 2147483647;
			files = (
			);
			runOnlyForDeploymentPostprocessing = 0;
		};
		F245CBED1CA9F35F00F034F5 /* Frameworks */ = {
			isa = PBXFrameworksBuildPhase;
			buildActionMask = 2147483647;
			files = (
			);
			runOnlyForDeploymentPostprocessing = 0;
		};
/* End PBXFrameworksBuildPhase section */

/* Begin PBXGroup section */
		F200D5061CFA7DD900981BC7 /* GameKit */ = {
			isa = PBXGroup;
			children = (
				F200D5071CFA7DF700981BC7 /* GameKitHelper.h */,
				F200D5081CFA7DF700981BC7 /* GameKitHelper.m */,
				F200D50D1CFBA77A00981BC7 /* MultiplayerNetworking.h */,
				F200D50E1CFBA77A00981BC7 /* MultiplayerNetworking.m */,
			);
			name = GameKit;
			sourceTree = "<group>";
		};
		F245CBC31CA9F35F00F034F5 = {
			isa = PBXGroup;
			children = (
				F28B5F431CFA1F530005997D /* GameKit.framework */,
				F245CBCE1CA9F35F00F034F5 /* CardFit */,
				F245CBE81CA9F35F00F034F5 /* CardFitTests */,
				F245CBF31CA9F35F00F034F5 /* CardFitUITests */,
				F245CBCD1CA9F35F00F034F5 /* Products */,
			);
			sourceTree = "<group>";
		};
		F245CBCD1CA9F35F00F034F5 /* Products */ = {
			isa = PBXGroup;
			children = (
				F245CBCC1CA9F35F00F034F5 /* CardFit.app */,
				F245CBE51CA9F35F00F034F5 /* CardFitTests.xctest */,
				F245CBF01CA9F35F00F034F5 /* CardFitUITests.xctest */,
			);
			name = Products;
			sourceTree = "<group>";
		};
		F245CBCE1CA9F35F00F034F5 /* CardFit */ = {
			isa = PBXGroup;
			children = (
				F200D5061CFA7DD900981BC7 /* GameKit */,
				F245CC021CA9F47E00F034F5 /* Model */,
				F245CC031CA9F48F00F034F5 /* View */,
				F245CC041CA9F4AF00F034F5 /* Controllers */,
				F245CBDB1CA9F35F00F034F5 /* Assets.xcassets */,
				F245CBDD1CA9F35F00F034F5 /* LaunchScreen.storyboard */,
				F245CBE01CA9F35F00F034F5 /* Info.plist */,
				F245CBCF1CA9F35F00F034F5 /* Supporting Files */,
			);
			path = CardFit;
			sourceTree = "<group>";
		};
		F245CBCF1CA9F35F00F034F5 /* Supporting Files */ = {
			isa = PBXGroup;
			children = (
				F25C7BFE1CF1039100BF7EAE /* SettingsChangedNotification.h */,
				F245CBD21CA9F35F00F034F5 /* AppDelegate.h */,
				F245CBD31CA9F35F00F034F5 /* AppDelegate.m */,
				F245CBD01CA9F35F00F034F5 /* main.m */,
			);
			name = "Supporting Files";
			sourceTree = "<group>";
		};
		F245CBE81CA9F35F00F034F5 /* CardFitTests */ = {
			isa = PBXGroup;
			children = (
				F245CBE91CA9F35F00F034F5 /* CardFitTests.m */,
				F245CBEB1CA9F35F00F034F5 /* Info.plist */,
			);
			path = CardFitTests;
			sourceTree = "<group>";
		};
		F245CBF31CA9F35F00F034F5 /* CardFitUITests */ = {
			isa = PBXGroup;
			children = (
				F245CBF41CA9F35F00F034F5 /* CardFitUITests.m */,
				F245CBF61CA9F35F00F034F5 /* Info.plist */,
			);
			path = CardFitUITests;
			sourceTree = "<group>";
		};
		F245CC021CA9F47E00F034F5 /* Model */ = {
			isa = PBXGroup;
			children = (
				F245CC051CA9F4CF00F034F5 /* Card.h */,
				F245CC061CA9F4CF00F034F5 /* Card.m */,
				F2AF13001D0CB8BA00C057E5 /* CardFitCard.h */,
				F2AF13011D0CB8BA00C057E5 /* CardFitCard.m */,
				F245CC0B1CA9FB4700F034F5 /* Deck.h */,
				F245CC0C1CA9FB4700F034F5 /* Deck.m */,
				F245CC081CA9F5B600F034F5 /* CardFitPlayingCard.h */,
				F245CC091CA9F5B600F034F5 /* CardFitPlayingCard.m */,
				F245CC0E1CA9FD8B00F034F5 /* CardFitPlayingCardDeck.h */,
				F245CC0F1CA9FD8B00F034F5 /* CardFitPlayingCardDeck.m */,
				F2DADE921D0FA50B001740A8 /* Settings.h */,
				F2DADE931D0FA50B001740A8 /* Settings.m */,
				F29AD2FC1CBC8FF3003F18A5 /* PlayingCardSettings.h */,
				F29AD2FD1CBC8FF3003F18A5 /* PlayingCardSettings.m */,
				F2EA33ED1CC5B4BF0018CE5F /* CardFitGame.h */,
				F2EA33EE1CC5B4BF0018CE5F /* CardFitGame.m */,
				F299D6F91CDFF22C009EE988 /* Timer.h */,
				F299D6FA1CDFF22C009EE988 /* Timer.m */,
			);
			name = Model;
			sourceTree = "<group>";
		};
		F245CC031CA9F48F00F034F5 /* View */ = {
			isa = PBXGroup;
			children = (
				F245CBD81CA9F35F00F034F5 /* Main.storyboard */,
				F28B77FE1CAA14C600023B3D /* PlayingCardView.h */,
				F28B77FF1CAA14C600023B3D /* PlayingCardView.m */,
				F23D55371CB70DD800F7727B /* CardFitLayoutView.h */,
				F23D55381CB70DD800F7727B /* CardFitLayoutView.m */,
			);
			name = View;
			sourceTree = "<group>";
		};
		F245CC041CA9F4AF00F034F5 /* Controllers */ = {
			isa = PBXGroup;
			children = (
				F25C7BFF1CF1EF1500BF7EAE /* SWRevealViewController.h */,
				F25C7C001CF1EF1500BF7EAE /* SWRevealViewController.m */,
				F200D5121CFC84CD00981BC7 /* CardFitViewController.h */,
				F200D5131CFC84CD00981BC7 /* CardFitViewController.m */,
				F200D5151CFC84EA00981BC7 /* PlayingCardFitViewController.h */,
				F200D5161CFC84EA00981BC7 /* PlayingCardFitViewController.m */,
				F200D50A1CFA856100981BC7 /* GameNavigationController.h */,
				F200D50B1CFA856100981BC7 /* GameNavigationController.m */,
				F23D553A1CBB15AB00F7727B /* MainPageViewController.h */,
				F23D553B1CBB15AB00F7727B /* MainPageViewController.m */,
				F25C7C021CF27E9400BF7EAE /* SideMenuViewController.h */,
				F25C7C031CF27E9400BF7EAE /* SideMenuViewController.m */,
				F214A4E71D200B4B0006978C /* SettingsTVC.h */,
				F214A4E81D200B4B0006978C /* SettingsTVC.m */,
				F2016C001CEE6E4F0079887E /* GameSettingsTVC.h */,
				F2016C011CEE6E4F0079887E /* GameSettingsTVC.m */,
				F2016C031CEE723D0079887E /* PlayingCardSettingsTVC.h */,
				F2016C041CEE723D0079887E /* PlayingCardSettingsTVC.m */,
				F25C7BF81CEFEC8C00BF7EAE /* GameSettingsDetailTVC.h */,
				F25C7BF91CEFEC8C00BF7EAE /* GameSettingsDetailTVC.m */,
				F214A4EA1D200FE60006978C /* PlayingCardDetailSettingsTVC.h */,
				F214A4EB1D200FE60006978C /* PlayingCardDetailSettingsTVC.m */,
			);
			name = Controllers;
			sourceTree = "<group>";
		};
/* End PBXGroup section */

/* Begin PBXNativeTarget section */
		F245CBCB1CA9F35F00F034F5 /* CardFit */ = {
			isa = PBXNativeTarget;
			buildConfigurationList = F245CBF91CA9F35F00F034F5 /* Build configuration list for PBXNativeTarget "CardFit" */;
			buildPhases = (
				F245CBC81CA9F35F00F034F5 /* Sources */,
				F245CBC91CA9F35F00F034F5 /* Frameworks */,
				F245CBCA1CA9F35F00F034F5 /* Resources */,
			);
			buildRules = (
			);
			dependencies = (
			);
			name = CardFit;
			productName = CardFit;
			productReference = F245CBCC1CA9F35F00F034F5 /* CardFit.app */;
			productType = "com.apple.product-type.application";
		};
		F245CBE41CA9F35F00F034F5 /* CardFitTests */ = {
			isa = PBXNativeTarget;
			buildConfigurationList = F245CBFC1CA9F35F00F034F5 /* Build configuration list for PBXNativeTarget "CardFitTests" */;
			buildPhases = (
				F245CBE11CA9F35F00F034F5 /* Sources */,
				F245CBE21CA9F35F00F034F5 /* Frameworks */,
				F245CBE31CA9F35F00F034F5 /* Resources */,
			);
			buildRules = (
			);
			dependencies = (
				F245CBE71CA9F35F00F034F5 /* PBXTargetDependency */,
			);
			name = CardFitTests;
			productName = CardFitTests;
			productReference = F245CBE51CA9F35F00F034F5 /* CardFitTests.xctest */;
			productType = "com.apple.product-type.bundle.unit-test";
		};
		F245CBEF1CA9F35F00F034F5 /* CardFitUITests */ = {
			isa = PBXNativeTarget;
			buildConfigurationList = F245CBFF1CA9F35F00F034F5 /* Build configuration list for PBXNativeTarget "CardFitUITests" */;
			buildPhases = (
				F245CBEC1CA9F35F00F034F5 /* Sources */,
				F245CBED1CA9F35F00F034F5 /* Frameworks */,
				F245CBEE1CA9F35F00F034F5 /* Resources */,
			);
			buildRules = (
			);
			dependencies = (
				F245CBF21CA9F35F00F034F5 /* PBXTargetDependency */,
			);
			name = CardFitUITests;
			productName = CardFitUITests;
			productReference = F245CBF01CA9F35F00F034F5 /* CardFitUITests.xctest */;
			productType = "com.apple.product-type.bundle.ui-testing";
		};
/* End PBXNativeTarget section */

/* Begin PBXProject section */
		F245CBC41CA9F35F00F034F5 /* Project object */ = {
			isa = PBXProject;
			attributes = {
				LastUpgradeCheck = 0730;
				ORGANIZATIONNAME = Graycode;
				TargetAttributes = {
					F245CBCB1CA9F35F00F034F5 = {
						CreatedOnToolsVersion = 7.3;
						DevelopmentTeam = JYXR948UZ7;
						SystemCapabilities = {
							com.apple.Push = {
								enabled = 1;
							};
						};
					};
					F245CBE41CA9F35F00F034F5 = {
						CreatedOnToolsVersion = 7.3;
						TestTargetID = F245CBCB1CA9F35F00F034F5;
					};
					F245CBEF1CA9F35F00F034F5 = {
						CreatedOnToolsVersion = 7.3;
						TestTargetID = F245CBCB1CA9F35F00F034F5;
					};
				};
			};
			buildConfigurationList = F245CBC71CA9F35F00F034F5 /* Build configuration list for PBXProject "CardFit" */;
			compatibilityVersion = "Xcode 3.2";
			developmentRegion = English;
			hasScannedForEncodings = 0;
			knownRegions = (
				en,
				Base,
			);
			mainGroup = F245CBC31CA9F35F00F034F5;
			productRefGroup = F245CBCD1CA9F35F00F034F5 /* Products */;
			projectDirPath = "";
			projectRoot = "";
			targets = (
				F245CBCB1CA9F35F00F034F5 /* CardFit */,
				F245CBE41CA9F35F00F034F5 /* CardFitTests */,
				F245CBEF1CA9F35F00F034F5 /* CardFitUITests */,
			);
		};
/* End PBXProject section */

/* Begin PBXResourcesBuildPhase section */
		F245CBCA1CA9F35F00F034F5 /* Resources */ = {
			isa = PBXResourcesBuildPhase;
			buildActionMask = 2147483647;
			files = (
				F245CBDF1CA9F35F00F034F5 /* LaunchScreen.storyboard in Resources */,
				F245CBDC1CA9F35F00F034F5 /* Assets.xcassets in Resources */,
				F245CBDA1CA9F35F00F034F5 /* Main.storyboard in Resources */,
			);
			runOnlyForDeploymentPostprocessing = 0;
		};
		F245CBE31CA9F35F00F034F5 /* Resources */ = {
			isa = PBXResourcesBuildPhase;
			buildActionMask = 2147483647;
			files = (
			);
			runOnlyForDeploymentPostprocessing = 0;
		};
		F245CBEE1CA9F35F00F034F5 /* Resources */ = {
			isa = PBXResourcesBuildPhase;
			buildActionMask = 2147483647;
			files = (
			);
			runOnlyForDeploymentPostprocessing = 0;
		};
/* End PBXResourcesBuildPhase section */

/* Begin PBXSourcesBuildPhase section */
		F245CBC81CA9F35F00F034F5 /* Sources */ = {
			isa = PBXSourcesBuildPhase;
			buildActionMask = 2147483647;
			files = (
				F214A4E91D200B4B0006978C /* SettingsTVC.m in Sources */,
				F2DADE941D0FA50B001740A8 /* Settings.m in Sources */,
				F29AD2FE1CBC8FF3003F18A5 /* PlayingCardSettings.m in Sources */,
				F200D50C1CFA856100981BC7 /* GameNavigationController.m in Sources */,
				F299D6FB1CDFF22C009EE988 /* Timer.m in Sources */,
				F25C7BFA1CEFEC8C00BF7EAE /* GameSettingsDetailTVC.m in Sources */,
				F2EA33EF1CC5B4BF0018CE5F /* CardFitGame.m in Sources */,
				F23D553C1CBB15AB00F7727B /* MainPageViewController.m in Sources */,
				F245CC101CA9FD8B00F034F5 /* CardFitPlayingCardDeck.m in Sources */,
				F245CBD41CA9F35F00F034F5 /* AppDelegate.m in Sources */,
				F28B78001CAA14C600023B3D /* PlayingCardView.m in Sources */,
				F200D5091CFA7DF700981BC7 /* GameKitHelper.m in Sources */,
				F2AF13021D0CB8BA00C057E5 /* CardFitCard.m in Sources */,
				F25C7C041CF27E9400BF7EAE /* SideMenuViewController.m in Sources */,
				F2016C051CEE723D0079887E /* PlayingCardSettingsTVC.m in Sources */,
				F25C7C011CF1EF1500BF7EAE /* SWRevealViewController.m in Sources */,
				F245CBD11CA9F35F00F034F5 /* main.m in Sources */,
				F214A4EC1D200FE60006978C /* PlayingCardDetailSettingsTVC.m in Sources */,
				F245CC071CA9F4CF00F034F5 /* Card.m in Sources */,
				F245CC0D1CA9FB4700F034F5 /* Deck.m in Sources */,
				F200D50F1CFBA77A00981BC7 /* MultiplayerNetworking.m in Sources */,
				F200D5171CFC84EA00981BC7 /* PlayingCardFitViewController.m in Sources */,
				F245CC0A1CA9F5B600F034F5 /* CardFitPlayingCard.m in Sources */,
				F200D5141CFC84CD00981BC7 /* CardFitViewController.m in Sources */,
				F2016C021CEE6E4F0079887E /* GameSettingsTVC.m in Sources */,
				F23D55391CB70DD800F7727B /* CardFitLayoutView.m in Sources */,
			);
			runOnlyForDeploymentPostprocessing = 0;
		};
		F245CBE11CA9F35F00F034F5 /* Sources */ = {
			isa = PBXSourcesBuildPhase;
			buildActionMask = 2147483647;
			files = (
				F245CBEA1CA9F35F00F034F5 /* CardFitTests.m in Sources */,
			);
			runOnlyForDeploymentPostprocessing = 0;
		};
		F245CBEC1CA9F35F00F034F5 /* Sources */ = {
			isa = PBXSourcesBuildPhase;
			buildActionMask = 2147483647;
			files = (
				F245CBF51CA9F35F00F034F5 /* CardFitUITests.m in Sources */,
			);
			runOnlyForDeploymentPostprocessing = 0;
		};
/* End PBXSourcesBuildPhase section */

/* Begin PBXTargetDependency section */
		F245CBE71CA9F35F00F034F5 /* PBXTargetDependency */ = {
			isa = PBXTargetDependency;
			target = F245CBCB1CA9F35F00F034F5 /* CardFit */;
			targetProxy = F245CBE61CA9F35F00F034F5 /* PBXContainerItemProxy */;
		};
		F245CBF21CA9F35F00F034F5 /* PBXTargetDependency */ = {
			isa = PBXTargetDependency;
			target = F245CBCB1CA9F35F00F034F5 /* CardFit */;
			targetProxy = F245CBF11CA9F35F00F034F5 /* PBXContainerItemProxy */;
		};
/* End PBXTargetDependency section */

/* Begin PBXVariantGroup section */
		F245CBD81CA9F35F00F034F5 /* Main.storyboard */ = {
			isa = PBXVariantGroup;
			children = (
				F245CBD91CA9F35F00F034F5 /* Base */,
			);
			name = Main.storyboard;
			sourceTree = "<group>";
		};
		F245CBDD1CA9F35F00F034F5 /* LaunchScreen.storyboard */ = {
			isa = PBXVariantGroup;
			children = (
				F245CBDE1CA9F35F00F034F5 /* Base */,
			);
			name = LaunchScreen.storyboard;
			sourceTree = "<group>";
		};
/* End PBXVariantGroup section */

/* Begin XCBuildConfiguration section */
		F245CBF71CA9F35F00F034F5 /* Debug */ = {
			isa = XCBuildConfiguration;
			buildSettings = {
				ALWAYS_SEARCH_USER_PATHS = NO;
				CLANG_ANALYZER_NONNULL = YES;
				CLANG_CXX_LANGUAGE_STANDARD = "gnu++0x";
				CLANG_CXX_LIBRARY = "libc++";
				CLANG_ENABLE_MODULES = YES;
				CLANG_ENABLE_OBJC_ARC = YES;
				CLANG_WARN_BOOL_CONVERSION = YES;
				CLANG_WARN_CONSTANT_CONVERSION = YES;
				CLANG_WARN_DIRECT_OBJC_ISA_USAGE = YES_ERROR;
				CLANG_WARN_EMPTY_BODY = YES;
				CLANG_WARN_ENUM_CONVERSION = YES;
				CLANG_WARN_INT_CONVERSION = YES;
				CLANG_WARN_OBJC_ROOT_CLASS = YES_ERROR;
				CLANG_WARN_UNREACHABLE_CODE = YES;
				CLANG_WARN__DUPLICATE_METHOD_MATCH = YES;
				"CODE_SIGN_IDENTITY[sdk=iphoneos*]" = "iPhone Developer";
				COPY_PHASE_STRIP = NO;
				DEBUG_INFORMATION_FORMAT = dwarf;
				ENABLE_STRICT_OBJC_MSGSEND = YES;
				ENABLE_TESTABILITY = YES;
				GCC_C_LANGUAGE_STANDARD = gnu99;
				GCC_DYNAMIC_NO_PIC = NO;
				GCC_NO_COMMON_BLOCKS = YES;
				GCC_OPTIMIZATION_LEVEL = 0;
				GCC_PREPROCESSOR_DEFINITIONS = (
					"DEBUG=1",
					"$(inherited)",
				);
				GCC_WARN_64_TO_32_BIT_CONVERSION = YES;
				GCC_WARN_ABOUT_RETURN_TYPE = YES_ERROR;
				GCC_WARN_UNDECLARED_SELECTOR = YES;
				GCC_WARN_UNINITIALIZED_AUTOS = YES_AGGRESSIVE;
				GCC_WARN_UNUSED_FUNCTION = YES;
				GCC_WARN_UNUSED_VARIABLE = YES;
				IPHONEOS_DEPLOYMENT_TARGET = 9.3;
				MTL_ENABLE_DEBUG_INFO = YES;
				ONLY_ACTIVE_ARCH = YES;
				SDKROOT = iphoneos;
				TARGETED_DEVICE_FAMILY = "1,2";
			};
			name = Debug;
		};
		F245CBF81CA9F35F00F034F5 /* Release */ = {
			isa = XCBuildConfiguration;
			buildSettings = {
				ALWAYS_SEARCH_USER_PATHS = NO;
				CLANG_ANALYZER_NONNULL = YES;
				CLANG_CXX_LANGUAGE_STANDARD = "gnu++0x";
				CLANG_CXX_LIBRARY = "libc++";
				CLANG_ENABLE_MODULES = YES;
				CLANG_ENABLE_OBJC_ARC = YES;
				CLANG_WARN_BOOL_CONVERSION = YES;
				CLANG_WARN_CONSTANT_CONVERSION = YES;
				CLANG_WARN_DIRECT_OBJC_ISA_USAGE = YES_ERROR;
				CLANG_WARN_EMPTY_BODY = YES;
				CLANG_WARN_ENUM_CONVERSION = YES;
				CLANG_WARN_INT_CONVERSION = YES;
				CLANG_WARN_OBJC_ROOT_CLASS = YES_ERROR;
				CLANG_WARN_UNREACHABLE_CODE = YES;
				CLANG_WARN__DUPLICATE_METHOD_MATCH = YES;
				"CODE_SIGN_IDENTITY[sdk=iphoneos*]" = "iPhone Developer";
				COPY_PHASE_STRIP = NO;
				DEBUG_INFORMATION_FORMAT = "dwarf-with-dsym";
				ENABLE_NS_ASSERTIONS = NO;
				ENABLE_STRICT_OBJC_MSGSEND = YES;
				GCC_C_LANGUAGE_STANDARD = gnu99;
				GCC_NO_COMMON_BLOCKS = YES;
				GCC_WARN_64_TO_32_BIT_CONVERSION = YES;
				GCC_WARN_ABOUT_RETURN_TYPE = YES_ERROR;
				GCC_WARN_UNDECLARED_SELECTOR = YES;
				GCC_WARN_UNINITIALIZED_AUTOS = YES_AGGRESSIVE;
				GCC_WARN_UNUSED_FUNCTION = YES;
				GCC_WARN_UNUSED_VARIABLE = YES;
				IPHONEOS_DEPLOYMENT_TARGET = 9.3;
				MTL_ENABLE_DEBUG_INFO = NO;
				SDKROOT = iphoneos;
				TARGETED_DEVICE_FAMILY = "1,2";
				VALIDATE_PRODUCT = YES;
			};
			name = Release;
		};
		F245CBFA1CA9F35F00F034F5 /* Debug */ = {
			isa = XCBuildConfiguration;
			buildSettings = {
				ASSETCATALOG_COMPILER_APPICON_NAME = AppIcon;
				CODE_SIGN_IDENTITY = "iPhone Developer";
				"CODE_SIGN_IDENTITY[sdk=iphoneos*]" = "iPhone Developer";
				INFOPLIST_FILE = CardFit/Info.plist;
				LD_RUNPATH_SEARCH_PATHS = "$(inherited) @executable_path/Frameworks";
				PRODUCT_BUNDLE_IDENTIFIER = com.graycode.cardfit;
				PRODUCT_NAME = "$(TARGET_NAME)";
				PROVISIONING_PROFILE = "";
			};
			name = Debug;
		};
		F245CBFB1CA9F35F00F034F5 /* Release */ = {
			isa = XCBuildConfiguration;
			buildSettings = {
				ASSETCATALOG_COMPILER_APPICON_NAME = AppIcon;
				CODE_SIGN_IDENTITY = "iPhone Developer";
				"CODE_SIGN_IDENTITY[sdk=iphoneos*]" = "iPhone Developer";
				INFOPLIST_FILE = CardFit/Info.plist;
				LD_RUNPATH_SEARCH_PATHS = "$(inherited) @executable_path/Frameworks";
				PRODUCT_BUNDLE_IDENTIFIER = com.graycode.cardfit;
				PRODUCT_NAME = "$(TARGET_NAME)";
				PROVISIONING_PROFILE = "";
			};
			name = Release;
		};
		F245CBFD1CA9F35F00F034F5 /* Debug */ = {
			isa = XCBuildConfiguration;
			buildSettings = {
				BUNDLE_LOADER = "$(TEST_HOST)";
				INFOPLIST_FILE = CardFitTests/Info.plist;
				LD_RUNPATH_SEARCH_PATHS = "$(inherited) @executable_path/Frameworks @loader_path/Frameworks";
				PRODUCT_BUNDLE_IDENTIFIER = edu.standford.cs193p.graycode.CardFitTests;
				PRODUCT_NAME = "$(TARGET_NAME)";
				TEST_HOST = "$(BUILT_PRODUCTS_DIR)/CardFit.app/CardFit";
			};
			name = Debug;
		};
		F245CBFE1CA9F35F00F034F5 /* Release */ = {
			isa = XCBuildConfiguration;
			buildSettings = {
				BUNDLE_LOADER = "$(TEST_HOST)";
				INFOPLIST_FILE = CardFitTests/Info.plist;
				LD_RUNPATH_SEARCH_PATHS = "$(inherited) @executable_path/Frameworks @loader_path/Frameworks";
				PRODUCT_BUNDLE_IDENTIFIER = edu.standford.cs193p.graycode.CardFitTests;
				PRODUCT_NAME = "$(TARGET_NAME)";
				TEST_HOST = "$(BUILT_PRODUCTS_DIR)/CardFit.app/CardFit";
			};
			name = Release;
		};
		F245CC001CA9F35F00F034F5 /* Debug */ = {
			isa = XCBuildConfiguration;
			buildSettings = {
				INFOPLIST_FILE = CardFitUITests/Info.plist;
				LD_RUNPATH_SEARCH_PATHS = "$(inherited) @executable_path/Frameworks @loader_path/Frameworks";
				PRODUCT_BUNDLE_IDENTIFIER = edu.standford.cs193p.graycode.CardFitUITests;
				PRODUCT_NAME = "$(TARGET_NAME)";
				TEST_TARGET_NAME = CardFit;
			};
			name = Debug;
		};
		F245CC011CA9F35F00F034F5 /* Release */ = {
			isa = XCBuildConfiguration;
			buildSettings = {
				INFOPLIST_FILE = CardFitUITests/Info.plist;
				LD_RUNPATH_SEARCH_PATHS = "$(inherited) @executable_path/Frameworks @loader_path/Frameworks";
				PRODUCT_BUNDLE_IDENTIFIER = edu.standford.cs193p.graycode.CardFitUITests;
				PRODUCT_NAME = "$(TARGET_NAME)";
				TEST_TARGET_NAME = CardFit;
			};
			name = Release;
		};
/* End XCBuildConfiguration section */

/* Begin XCConfigurationList section */
		F245CBC71CA9F35F00F034F5 /* Build configuration list for PBXProject "CardFit" */ = {
			isa = XCConfigurationList;
			buildConfigurations = (
				F245CBF71CA9F35F00F034F5 /* Debug */,
				F245CBF81CA9F35F00F034F5 /* Release */,
			);
			defaultConfigurationIsVisible = 0;
			defaultConfigurationName = Release;
		};
		F245CBF91CA9F35F00F034F5 /* Build configuration list for PBXNativeTarget "CardFit" */ = {
			isa = XCConfigurationList;
			buildConfigurations = (
				F245CBFA1CA9F35F00F034F5 /* Debug */,
				F245CBFB1CA9F35F00F034F5 /* Release */,
			);
			defaultConfigurationIsVisible = 0;
			defaultConfigurationName = Release;
		};
		F245CBFC1CA9F35F00F034F5 /* Build configuration list for PBXNativeTarget "CardFitTests" */ = {
			isa = XCConfigurationList;
			buildConfigurations = (
				F245CBFD1CA9F35F00F034F5 /* Debug */,
				F245CBFE1CA9F35F00F034F5 /* Release */,
			);
			defaultConfigurationIsVisible = 0;
			defaultConfigurationName = Release;
		};
		F245CBFF1CA9F35F00F034F5 /* Build configuration list for PBXNativeTarget "CardFitUITests" */ = {
			isa = XCConfigurationList;
			buildConfigurations = (
				F245CC001CA9F35F00F034F5 /* Debug */,
				F245CC011CA9F35F00F034F5 /* Release */,
			);
			defaultConfigurationIsVisible = 0;
			defaultConfigurationName = Release;
		};
/* End XCConfigurationList section */
	};
	rootObject = F245CBC41CA9F35F00F034F5 /* Project object */;
}
